// !$*UTF8*$!
{
	archiveVersion = 1;
	classes = {
	};
	objectVersion = 56;
	objects = {

/* Begin PBXBuildFile section */
		5753A8AF2B8A2F97008B5980 /* AppDelegate.swift in Sources */ = {isa = PBXBuildFile; fileRef = 5753A8AE2B8A2F97008B5980 /* AppDelegate.swift */; };
		5753A8B12B8A2F97008B5980 /* SceneDelegate.swift in Sources */ = {isa = PBXBuildFile; fileRef = 5753A8B02B8A2F97008B5980 /* SceneDelegate.swift */; };
		5753A8B32B8A2F97008B5980 /* VerificationViewController.swift in Sources */ = {isa = PBXBuildFile; fileRef = 5753A8B22B8A2F97008B5980 /* VerificationViewController.swift */; };
		5753A8B82B8A2F98008B5980 /* Assets.xcassets in Resources */ = {isa = PBXBuildFile; fileRef = 5753A8B72B8A2F98008B5980 /* Assets.xcassets */; };
		5753A8BB2B8A2F98008B5980 /* LaunchScreen.storyboard in Resources */ = {isa = PBXBuildFile; fileRef = 5753A8B92B8A2F98008B5980 /* LaunchScreen.storyboard */; };
		5753A8C82B8A35C2008B5980 /* StatusLabel.swift in Sources */ = {isa = PBXBuildFile; fileRef = 5753A8C72B8A35C2008B5980 /* StatusLabel.swift */; };
		5753A8CC2B8A3B14008B5980 /* UIStackView + Extensions.swift in Sources */ = {isa = PBXBuildFile; fileRef = 5753A8CB2B8A3B14008B5980 /* UIStackView + Extensions.swift */; };
		5753A8CE2B8A410A008B5980 /* MailTextField.swift in Sources */ = {isa = PBXBuildFile; fileRef = 5753A8CD2B8A410A008B5980 /* MailTextField.swift */; };
		5753A8D02B8A4368008B5980 /* VerificationButton.swift in Sources */ = {isa = PBXBuildFile; fileRef = 5753A8CF2B8A4368008B5980 /* VerificationButton.swift */; };
		5753A8D22B8A46B6008B5980 /* MailCollectionView.swift in Sources */ = {isa = PBXBuildFile; fileRef = 5753A8D12B8A46B6008B5980 /* MailCollectionView.swift */; };
		5753A8D52B8A48C4008B5980 /* MailCollectionViewCell.swift in Sources */ = {isa = PBXBuildFile; fileRef = 5753A8D42B8A48C4008B5980 /* MailCollectionViewCell.swift */; };
/* End PBXBuildFile section */

/* Begin PBXFileReference section */
		5753A8AB2B8A2F97008B5980 /* TestMail.app */ = {isa = PBXFileReference; explicitFileType = wrapper.application; includeInIndex = 0; path = TestMail.app; sourceTree = BUILT_PRODUCTS_DIR; };
		5753A8AE2B8A2F97008B5980 /* AppDelegate.swift */ = {isa = PBXFileReference; lastKnownFileType = sourcecode.swift; path = AppDelegate.swift; sourceTree = "<group>"; };
		5753A8B02B8A2F97008B5980 /* SceneDelegate.swift */ = {isa = PBXFileReference; lastKnownFileType = sourcecode.swift; path = SceneDelegate.swift; sourceTree = "<group>"; };
		5753A8B22B8A2F97008B5980 /* VerificationViewController.swift */ = {isa = PBXFileReference; lastKnownFileType = sourcecode.swift; path = VerificationViewController.swift; sourceTree = "<group>"; };
		5753A8B72B8A2F98008B5980 /* Assets.xcassets */ = {isa = PBXFileReference; lastKnownFileType = folder.assetcatalog; path = Assets.xcassets; sourceTree = "<group>"; };
		5753A8BA2B8A2F98008B5980 /* Base */ = {isa = PBXFileReference; lastKnownFileType = file.storyboard; name = Base; path = Base.lproj/LaunchScreen.storyboard; sourceTree = "<group>"; };
		5753A8BC2B8A2F98008B5980 /* Info.plist */ = {isa = PBXFileReference; lastKnownFileType = text.plist.xml; path = Info.plist; sourceTree = "<group>"; };
		5753A8C72B8A35C2008B5980 /* StatusLabel.swift */ = {isa = PBXFileReference; lastKnownFileType = sourcecode.swift; path = StatusLabel.swift; sourceTree = "<group>"; };
		5753A8CB2B8A3B14008B5980 /* UIStackView + Extensions.swift */ = {isa = PBXFileReference; lastKnownFileType = sourcecode.swift; path = "UIStackView + Extensions.swift"; sourceTree = "<group>"; };
		5753A8CD2B8A410A008B5980 /* MailTextField.swift */ = {isa = PBXFileReference; lastKnownFileType = sourcecode.swift; path = MailTextField.swift; sourceTree = "<group>"; };
		5753A8CF2B8A4368008B5980 /* VerificationButton.swift */ = {isa = PBXFileReference; lastKnownFileType = sourcecode.swift; path = VerificationButton.swift; sourceTree = "<group>"; };
		5753A8D12B8A46B6008B5980 /* MailCollectionView.swift */ = {isa = PBXFileReference; lastKnownFileType = sourcecode.swift; path = MailCollectionView.swift; sourceTree = "<group>"; };
		5753A8D42B8A48C4008B5980 /* MailCollectionViewCell.swift */ = {isa = PBXFileReference; lastKnownFileType = sourcecode.swift; path = MailCollectionViewCell.swift; sourceTree = "<group>"; };
/* End PBXFileReference section */

/* Begin PBXFrameworksBuildPhase section */
		5753A8A82B8A2F97008B5980 /* Frameworks */ = {
			isa = PBXFrameworksBuildPhase;
			buildActionMask = 2147483647;
			files = (
			);
			runOnlyForDeploymentPostprocessing = 0;
		};
/* End PBXFrameworksBuildPhase section */

/* Begin PBXGroup section */
		5753A8A22B8A2F97008B5980 = {
			isa = PBXGroup;
			children = (
				5753A8AD2B8A2F97008B5980 /* TestMail */,
				5753A8AC2B8A2F97008B5980 /* Products */,
			);
			sourceTree = "<group>";
		};
		5753A8AC2B8A2F97008B5980 /* Products */ = {
			isa = PBXGroup;
			children = (
				5753A8AB2B8A2F97008B5980 /* TestMail.app */,
			);
			name = Products;
			sourceTree = "<group>";
		};
		5753A8AD2B8A2F97008B5980 /* TestMail */ = {
			isa = PBXGroup;
			children = (
				5753A8C22B8A3057008B5980 /* Application */,
				5753A8C32B8A306F008B5980 /* Models */,
				5753A8C52B8A3088008B5980 /* Views */,
				5753A8C42B8A307B008B5980 /* Controllers */,
				5753A8C92B8A3AD3008B5980 /* Extensions */,
				5753A8C62B8A30BF008B5980 /* Resources */,
			);
			path = TestMail;
			sourceTree = "<group>";
		};
		5753A8C22B8A3057008B5980 /* Application */ = {
			isa = PBXGroup;
			children = (
				5753A8AE2B8A2F97008B5980 /* AppDelegate.swift */,
				5753A8B02B8A2F97008B5980 /* SceneDelegate.swift */,
			);
			path = Application;
			sourceTree = "<group>";
		};
		5753A8C32B8A306F008B5980 /* Models */ = {
			isa = PBXGroup;
			children = (
			);
			path = Models;
			sourceTree = "<group>";
		};
		5753A8C42B8A307B008B5980 /* Controllers */ = {
			isa = PBXGroup;
			children = (
				5753A8B22B8A2F97008B5980 /* VerificationViewController.swift */,
			);
			path = Controllers;
			sourceTree = "<group>";
		};
		5753A8C52B8A3088008B5980 /* Views */ = {
			isa = PBXGroup;
			children = (
				5753A8D62B8A4A50008B5980 /* VerificationVC */,
				5753A8D32B8A48A8008B5980 /* Cells */,
			);
			path = Views;
			sourceTree = "<group>";
		};
		5753A8C62B8A30BF008B5980 /* Resources */ = {
			isa = PBXGroup;
			children = (
				5753A8B72B8A2F98008B5980 /* Assets.xcassets */,
				5753A8B92B8A2F98008B5980 /* LaunchScreen.storyboard */,
				5753A8BC2B8A2F98008B5980 /* Info.plist */,
			);
			path = Resources;
			sourceTree = "<group>";
		};
		5753A8C92B8A3AD3008B5980 /* Extensions */ = {
			isa = PBXGroup;
			children = (
				5753A8CA2B8A3AF4008B5980 /* UIKit */,
			);
			path = Extensions;
			sourceTree = "<group>";
		};
		5753A8CA2B8A3AF4008B5980 /* UIKit */ = {
			isa = PBXGroup;
			children = (
				5753A8CB2B8A3B14008B5980 /* UIStackView + Extensions.swift */,
			);
			path = UIKit;
			sourceTree = "<group>";
		};
		5753A8D32B8A48A8008B5980 /* Cells */ = {
			isa = PBXGroup;
			children = (
				5753A8D42B8A48C4008B5980 /* MailCollectionViewCell.swift */,
			);
			path = Cells;
			sourceTree = "<group>";
		};
		5753A8D62B8A4A50008B5980 /* VerificationVC */ = {
			isa = PBXGroup;
			children = (
				5753A8C72B8A35C2008B5980 /* StatusLabel.swift */,
				5753A8CD2B8A410A008B5980 /* MailTextField.swift */,
				5753A8CF2B8A4368008B5980 /* VerificationButton.swift */,
				5753A8D12B8A46B6008B5980 /* MailCollectionView.swift */,
			);
			path = VerificationVC;
			sourceTree = "<group>";
		};
/* End PBXGroup section */

/* Begin PBXNativeTarget section */
		5753A8AA2B8A2F97008B5980 /* TestMail */ = {
			isa = PBXNativeTarget;
			buildConfigurationList = 5753A8BF2B8A2F98008B5980 /* Build configuration list for PBXNativeTarget "TestMail" */;
			buildPhases = (
				5753A8A72B8A2F97008B5980 /* Sources */,
				5753A8A82B8A2F97008B5980 /* Frameworks */,
				5753A8A92B8A2F97008B5980 /* Resources */,
			);
			buildRules = (
			);
			dependencies = (
			);
			name = TestMail;
			productName = TestMail;
			productReference = 5753A8AB2B8A2F97008B5980 /* TestMail.app */;
			productType = "com.apple.product-type.application";
		};
/* End PBXNativeTarget section */

/* Begin PBXProject section */
		5753A8A32B8A2F97008B5980 /* Project object */ = {
			isa = PBXProject;
			attributes = {
				BuildIndependentTargetsInParallel = 1;
				LastSwiftUpdateCheck = 1510;
				LastUpgradeCheck = 1510;
				TargetAttributes = {
					5753A8AA2B8A2F97008B5980 = {
						CreatedOnToolsVersion = 15.1;
					};
				};
			};
			buildConfigurationList = 5753A8A62B8A2F97008B5980 /* Build configuration list for PBXProject "TestMail" */;
			compatibilityVersion = "Xcode 14.0";
			developmentRegion = en;
			hasScannedForEncodings = 0;
			knownRegions = (
				en,
				Base,
			);
			mainGroup = 5753A8A22B8A2F97008B5980;
			productRefGroup = 5753A8AC2B8A2F97008B5980 /* Products */;
			projectDirPath = "";
			projectRoot = "";
			targets = (
				5753A8AA2B8A2F97008B5980 /* TestMail */,
			);
		};
/* End PBXProject section */

/* Begin PBXResourcesBuildPhase section */
		5753A8A92B8A2F97008B5980 /* Resources */ = {
			isa = PBXResourcesBuildPhase;
			buildActionMask = 2147483647;
			files = (
				5753A8BB2B8A2F98008B5980 /* LaunchScreen.storyboard in Resources */,
				5753A8B82B8A2F98008B5980 /* Assets.xcassets in Resources */,
			);
			runOnlyForDeploymentPostprocessing = 0;
		};
/* End PBXResourcesBuildPhase section */

/* Begin PBXSourcesBuildPhase section */
		5753A8A72B8A2F97008B5980 /* Sources */ = {
			isa = PBXSourcesBuildPhase;
			buildActionMask = 2147483647;
			files = (
				5753A8C82B8A35C2008B5980 /* StatusLabel.swift in Sources */,
				5753A8D52B8A48C4008B5980 /* MailCollectionViewCell.swift in Sources */,
				5753A8D02B8A4368008B5980 /* VerificationButton.swift in Sources */,
				5753A8B32B8A2F97008B5980 /* VerificationViewController.swift in Sources */,
				5753A8CE2B8A410A008B5980 /* MailTextField.swift in Sources */,
				5753A8AF2B8A2F97008B5980 /* AppDelegate.swift in Sources */,
				5753A8D22B8A46B6008B5980 /* MailCollectionView.swift in Sources */,
				5753A8CC2B8A3B14008B5980 /* UIStackView + Extensions.swift in Sources */,
				5753A8B12B8A2F97008B5980 /* SceneDelegate.swift in Sources */,
			);
			runOnlyForDeploymentPostprocessing = 0;
		};
/* End PBXSourcesBuildPhase section */

/* Begin PBXVariantGroup section */
		5753A8B92B8A2F98008B5980 /* LaunchScreen.storyboard */ = {
			isa = PBXVariantGroup;
			children = (
				5753A8BA2B8A2F98008B5980 /* Base */,
			);
			name = LaunchScreen.storyboard;
			sourceTree = "<group>";
		};
/* End PBXVariantGroup section */

/* Begin XCBuildConfiguration section */
		5753A8BD2B8A2F98008B5980 /* Debug */ = {
			isa = XCBuildConfiguration;
			buildSettings = {
				ALWAYS_SEARCH_USER_PATHS = NO;
				ASSETCATALOG_COMPILER_GENERATE_SWIFT_ASSET_SYMBOL_EXTENSIONS = YES;
				CLANG_ANALYZER_NONNULL = YES;
				CLANG_ANALYZER_NUMBER_OBJECT_CONVERSION = YES_AGGRESSIVE;
				CLANG_CXX_LANGUAGE_STANDARD = "gnu++20";
				CLANG_ENABLE_MODULES = YES;
				CLANG_ENABLE_OBJC_ARC = YES;
				CLANG_ENABLE_OBJC_WEAK = YES;
				CLANG_WARN_BLOCK_CAPTURE_AUTORELEASING = YES;
				CLANG_WARN_BOOL_CONVERSION = YES;
				CLANG_WARN_COMMA = YES;
				CLANG_WARN_CONSTANT_CONVERSION = YES;
				CLANG_WARN_DEPRECATED_OBJC_IMPLEMENTATIONS = YES;
				CLANG_WARN_DIRECT_OBJC_ISA_USAGE = YES_ERROR;
				CLANG_WARN_DOCUMENTATION_COMMENTS = YES;
				CLANG_WARN_EMPTY_BODY = YES;
				CLANG_WARN_ENUM_CONVERSION = YES;
				CLANG_WARN_INFINITE_RECURSION = YES;
				CLANG_WARN_INT_CONVERSION = YES;
				CLANG_WARN_NON_LITERAL_NULL_CONVERSION = YES;
				CLANG_WARN_OBJC_IMPLICIT_RETAIN_SELF = YES;
				CLANG_WARN_OBJC_LITERAL_CONVERSION = YES;
				CLANG_WARN_OBJC_ROOT_CLASS = YES_ERROR;
				CLANG_WARN_QUOTED_INCLUDE_IN_FRAMEWORK_HEADER = YES;
				CLANG_WARN_RANGE_LOOP_ANALYSIS = YES;
				CLANG_WARN_STRICT_PROTOTYPES = YES;
				CLANG_WARN_SUSPICIOUS_MOVE = YES;
				CLANG_WARN_UNGUARDED_AVAILABILITY = YES_AGGRESSIVE;
				CLANG_WARN_UNREACHABLE_CODE = YES;
				CLANG_WARN__DUPLICATE_METHOD_MATCH = YES;
				COPY_PHASE_STRIP = NO;
				DEBUG_INFORMATION_FORMAT = dwarf;
				ENABLE_STRICT_OBJC_MSGSEND = YES;
				ENABLE_TESTABILITY = YES;
				ENABLE_USER_SCRIPT_SANDBOXING = YES;
				GCC_C_LANGUAGE_STANDARD = gnu17;
				GCC_DYNAMIC_NO_PIC = NO;
				GCC_NO_COMMON_BLOCKS = YES;
				GCC_OPTIMIZATION_LEVEL = 0;
				GCC_PREPROCESSOR_DEFINITIONS = (
					"DEBUG=1",
					"$(inherited)",
				);
				GCC_WARN_64_TO_32_BIT_CONVERSION = YES;
				GCC_WARN_ABOUT_RETURN_TYPE = YES_ERROR;
				GCC_WARN_UNDECLARED_SELECTOR = YES;
				GCC_WARN_UNINITIALIZED_AUTOS = YES_AGGRESSIVE;
				GCC_WARN_UNUSED_FUNCTION = YES;
				GCC_WARN_UNUSED_VARIABLE = YES;
				IPHONEOS_DEPLOYMENT_TARGET = 17.2;
				LOCALIZATION_PREFERS_STRING_CATALOGS = YES;
				MTL_ENABLE_DEBUG_INFO = INCLUDE_SOURCE;
				MTL_FAST_MATH = YES;
				ONLY_ACTIVE_ARCH = YES;
				SDKROOT = iphoneos;
				SWIFT_ACTIVE_COMPILATION_CONDITIONS = "DEBUG $(inherited)";
				SWIFT_OPTIMIZATION_LEVEL = "-Onone";
			};
			name = Debug;
		};
		5753A8BE2B8A2F98008B5980 /* Release */ = {
			isa = XCBuildConfiguration;
			buildSettings = {
				ALWAYS_SEARCH_USER_PATHS = NO;
				ASSETCATALOG_COMPILER_GENERATE_SWIFT_ASSET_SYMBOL_EXTENSIONS = YES;
				CLANG_ANALYZER_NONNULL = YES;
				CLANG_ANALYZER_NUMBER_OBJECT_CONVERSION = YES_AGGRESSIVE;
				CLANG_CXX_LANGUAGE_STANDARD = "gnu++20";
				CLANG_ENABLE_MODULES = YES;
				CLANG_ENABLE_OBJC_ARC = YES;
				CLANG_ENABLE_OBJC_WEAK = YES;
				CLANG_WARN_BLOCK_CAPTURE_AUTORELEASING = YES;
				CLANG_WARN_BOOL_CONVERSION = YES;
				CLANG_WARN_COMMA = YES;
				CLANG_WARN_CONSTANT_CONVERSION = YES;
				CLANG_WARN_DEPRECATED_OBJC_IMPLEMENTATIONS = YES;
				CLANG_WARN_DIRECT_OBJC_ISA_USAGE = YES_ERROR;
				CLANG_WARN_DOCUMENTATION_COMMENTS = YES;
				CLANG_WARN_EMPTY_BODY = YES;
				CLANG_WARN_ENUM_CONVERSION = YES;
				CLANG_WARN_INFINITE_RECURSION = YES;
				CLANG_WARN_INT_CONVERSION = YES;
				CLANG_WARN_NON_LITERAL_NULL_CONVERSION = YES;
				CLANG_WARN_OBJC_IMPLICIT_RETAIN_SELF = YES;
				CLANG_WARN_OBJC_LITERAL_CONVERSION = YES;
				CLANG_WARN_OBJC_ROOT_CLASS = YES_ERROR;
				CLANG_WARN_QUOTED_INCLUDE_IN_FRAMEWORK_HEADER = YES;
				CLANG_WARN_RANGE_LOOP_ANALYSIS = YES;
				CLANG_WARN_STRICT_PROTOTYPES = YES;
				CLANG_WARN_SUSPICIOUS_MOVE = YES;
				CLANG_WARN_UNGUARDED_AVAILABILITY = YES_AGGRESSIVE;
				CLANG_WARN_UNREACHABLE_CODE = YES;
				CLANG_WARN__DUPLICATE_METHOD_MATCH = YES;
				COPY_PHASE_STRIP = NO;
				DEBUG_INFORMATION_FORMAT = "dwarf-with-dsym";
				ENABLE_NS_ASSERTIONS = NO;
				ENABLE_STRICT_OBJC_MSGSEND = YES;
				ENABLE_USER_SCRIPT_SANDBOXING = YES;
				GCC_C_LANGUAGE_STANDARD = gnu17;
				GCC_NO_COMMON_BLOCKS = YES;
				GCC_WARN_64_TO_32_BIT_CONVERSION = YES;
				GCC_WARN_ABOUT_RETURN_TYPE = YES_ERROR;
				GCC_WARN_UNDECLARED_SELECTOR = YES;
				GCC_WARN_UNINITIALIZED_AUTOS = YES_AGGRESSIVE;
				GCC_WARN_UNUSED_FUNCTION = YES;
				GCC_WARN_UNUSED_VARIABLE = YES;
				IPHONEOS_DEPLOYMENT_TARGET = 17.2;
				LOCALIZATION_PREFERS_STRING_CATALOGS = YES;
				MTL_ENABLE_DEBUG_INFO = NO;
				MTL_FAST_MATH = YES;
				SDKROOT = iphoneos;
				SWIFT_COMPILATION_MODE = wholemodule;
				VALIDATE_PRODUCT = YES;
			};
			name = Release;
		};
		5753A8C02B8A2F98008B5980 /* Debug */ = {
			isa = XCBuildConfiguration;
			buildSettings = {
				ASSETCATALOG_COMPILER_APPICON_NAME = AppIcon;
				ASSETCATALOG_COMPILER_GLOBAL_ACCENT_COLOR_NAME = AccentColor;
				CODE_SIGN_STYLE = Automatic;
				CURRENT_PROJECT_VERSION = 1;
				DEVELOPMENT_TEAM = D3HK5NNSMA;
				GENERATE_INFOPLIST_FILE = YES;
				INFOPLIST_FILE = TestMail/Resources/Info.plist;
				INFOPLIST_KEY_UIApplicationSupportsIndirectInputEvents = YES;
				INFOPLIST_KEY_UILaunchStoryboardName = LaunchScreen;
				INFOPLIST_KEY_UISupportedInterfaceOrientations_iPad = "UIInterfaceOrientationPortrait UIInterfaceOrientationPortraitUpsideDown UIInterfaceOrientationLandscapeLeft UIInterfaceOrientationLandscapeRight";
				INFOPLIST_KEY_UISupportedInterfaceOrientations_iPhone = "UIInterfaceOrientationPortrait UIInterfaceOrientationLandscapeLeft UIInterfaceOrientationLandscapeRight";
				LD_RUNPATH_SEARCH_PATHS = (
					"$(inherited)",
					"@executable_path/Frameworks",
				);
				MARKETING_VERSION = 1.0;
				PRODUCT_BUNDLE_IDENTIFIER = com.viktortormyshev.TestMail;
				PRODUCT_NAME = "$(TARGET_NAME)";
				SWIFT_EMIT_LOC_STRINGS = YES;
				SWIFT_VERSION = 5.0;
				TARGETED_DEVICE_FAMILY = "1,2";
			};
			name = Debug;
		};
		5753A8C12B8A2F98008B5980 /* Release */ = {
			isa = XCBuildConfiguration;
			buildSettings = {
				ASSETCATALOG_COMPILER_APPICON_NAME = AppIcon;
				ASSETCATALOG_COMPILER_GLOBAL_ACCENT_COLOR_NAME = AccentColor;
				CODE_SIGN_STYLE = Automatic;
				CURRENT_PROJECT_VERSION = 1;
				DEVELOPMENT_TEAM = D3HK5NNSMA;
				GENERATE_INFOPLIST_FILE = YES;
				INFOPLIST_FILE = TestMail/Resources/Info.plist;
				INFOPLIST_KEY_UIApplicationSupportsIndirectInputEvents = YES;
				INFOPLIST_KEY_UILaunchStoryboardName = LaunchScreen;
				INFOPLIST_KEY_UISupportedInterfaceOrientations_iPad = "UIInterfaceOrientationPortrait UIInterfaceOrientationPortraitUpsideDown UIInterfaceOrientationLandscapeLeft UIInterfaceOrientationLandscapeRight";
				INFOPLIST_KEY_UISupportedInterfaceOrientations_iPhone = "UIInterfaceOrientationPortrait UIInterfaceOrientationLandscapeLeft UIInterfaceOrientationLandscapeRight";
				LD_RUNPATH_SEARCH_PATHS = (
					"$(inherited)",
					"@executable_path/Frameworks",
				);
				MARKETING_VERSION = 1.0;
				PRODUCT_BUNDLE_IDENTIFIER = com.viktortormyshev.TestMail;
				PRODUCT_NAME = "$(TARGET_NAME)";
				SWIFT_EMIT_LOC_STRINGS = YES;
				SWIFT_VERSION = 5.0;
				TARGETED_DEVICE_FAMILY = "1,2";
			};
			name = Release;
		};
/* End XCBuildConfiguration section */

/* Begin XCConfigurationList section */
		5753A8A62B8A2F97008B5980 /* Build configuration list for PBXProject "TestMail" */ = {
			isa = XCConfigurationList;
			buildConfigurations = (
				5753A8BD2B8A2F98008B5980 /* Debug */,
				5753A8BE2B8A2F98008B5980 /* Release */,
			);
			defaultConfigurationIsVisible = 0;
			defaultConfigurationName = Release;
		};
		5753A8BF2B8A2F98008B5980 /* Build configuration list for PBXNativeTarget "TestMail" */ = {
			isa = XCConfigurationList;
			buildConfigurations = (
				5753A8C02B8A2F98008B5980 /* Debug */,
				5753A8C12B8A2F98008B5980 /* Release */,
			);
			defaultConfigurationIsVisible = 0;
			defaultConfigurationName = Release;
		};
/* End XCConfigurationList section */
	};
	rootObject = 5753A8A32B8A2F97008B5980 /* Project object */;
}
